// !$*UTF8*$!
{
	archiveVersion = 1;
	classes = {
	};
	objectVersion = 48;
	objects = {

/* Begin PBXBuildFile section */
		48074AF62016422F00B6094B /* ItemManagerTests.swift in Sources */ = {isa = PBXBuildFile; fileRef = 48074AF52016422F00B6094B /* ItemManagerTests.swift */; };
		48074AF8201642E600B6094B /* ItemManager.swift in Sources */ = {isa = PBXBuildFile; fileRef = 48074AF7201642E600B6094B /* ItemManager.swift */; };
		48176B672014F37B00C5F7FA /* AppDelegate.swift in Sources */ = {isa = PBXBuildFile; fileRef = 48176B662014F37B00C5F7FA /* AppDelegate.swift */; };
		48176B692014F37B00C5F7FA /* ItemListViewController.swift in Sources */ = {isa = PBXBuildFile; fileRef = 48176B682014F37B00C5F7FA /* ItemListViewController.swift */; };
		48176B6C2014F37B00C5F7FA /* Main.storyboard in Resources */ = {isa = PBXBuildFile; fileRef = 48176B6A2014F37B00C5F7FA /* Main.storyboard */; };
		48176B6E2014F37B00C5F7FA /* Assets.xcassets in Resources */ = {isa = PBXBuildFile; fileRef = 48176B6D2014F37B00C5F7FA /* Assets.xcassets */; };
		48176B712014F37B00C5F7FA /* LaunchScreen.storyboard in Resources */ = {isa = PBXBuildFile; fileRef = 48176B6F2014F37B00C5F7FA /* LaunchScreen.storyboard */; };
		48176B872014F90A00C5F7FA /* ToDoItemsTests.swift in Sources */ = {isa = PBXBuildFile; fileRef = 48176B862014F90A00C5F7FA /* ToDoItemsTests.swift */; };
		48176B892014FA0F00C5F7FA /* ToDoItem.swift in Sources */ = {isa = PBXBuildFile; fileRef = 48176B882014FA0F00C5F7FA /* ToDoItem.swift */; };
		48176B8B2014FFF000C5F7FA /* Location.swift in Sources */ = {isa = PBXBuildFile; fileRef = 48176B8A2014FFF000C5F7FA /* Location.swift */; };
		48176B8D2015080D00C5F7FA /* LocationTests.swift in Sources */ = {isa = PBXBuildFile; fileRef = 48176B8C2015080D00C5F7FA /* LocationTests.swift */; };
		485F2A19201AF51800C39B61 /* ItemListViewControllerTest.swift in Sources */ = {isa = PBXBuildFile; fileRef = 485F2A18201AF51800C39B61 /* ItemListViewControllerTest.swift */; };
		485F2A1B201AFB4700C39B61 /* ItemListDataProvider.swift in Sources */ = {isa = PBXBuildFile; fileRef = 485F2A1A201AFB4700C39B61 /* ItemListDataProvider.swift */; };
		485F2A1D201B17CD00C39B61 /* ItemListDataProviderTests.swift in Sources */ = {isa = PBXBuildFile; fileRef = 485F2A1C201B17CD00C39B61 /* ItemListDataProviderTests.swift */; };
		48C7F618201B298B0035C172 /* ItemCell.swift in Sources */ = {isa = PBXBuildFile; fileRef = 48C7F617201B298B0035C172 /* ItemCell.swift */; };
		48C7F61A201B7A070035C172 /* ItemCellTests.swift in Sources */ = {isa = PBXBuildFile; fileRef = 48C7F619201B7A070035C172 /* ItemCellTests.swift */; };
		48C7F61C201C71790035C172 /* DetailViewControllerTests.swift in Sources */ = {isa = PBXBuildFile; fileRef = 48C7F61B201C71790035C172 /* DetailViewControllerTests.swift */; };
		48C7F61E201C721F0035C172 /* DetailViewController.swift in Sources */ = {isa = PBXBuildFile; fileRef = 48C7F61D201C721F0035C172 /* DetailViewController.swift */; };
		48C7F621201C792D0035C172 /* MapKit.framework in Frameworks */ = {isa = PBXBuildFile; fileRef = 48C7F620201C792D0035C172 /* MapKit.framework */; };
		48C7F623201C86A40035C172 /* InputViewControllerTests.swift in Sources */ = {isa = PBXBuildFile; fileRef = 48C7F622201C86A40035C172 /* InputViewControllerTests.swift */; };
		48C7F625201C86CD0035C172 /* InputViewController.swift in Sources */ = {isa = PBXBuildFile; fileRef = 48C7F624201C86CD0035C172 /* InputViewController.swift */; };
/* End PBXBuildFile section */

/* Begin PBXContainerItemProxy section */
		48176B782014F37B00C5F7FA /* PBXContainerItemProxy */ = {
			isa = PBXContainerItemProxy;
			containerPortal = 48176B5B2014F37B00C5F7FA /* Project object */;
			proxyType = 1;
			remoteGlobalIDString = 48176B622014F37B00C5F7FA;
			remoteInfo = GroceryList;
		};
/* End PBXContainerItemProxy section */

/* Begin PBXFileReference section */
		48074AF52016422F00B6094B /* ItemManagerTests.swift */ = {isa = PBXFileReference; lastKnownFileType = sourcecode.swift; path = ItemManagerTests.swift; sourceTree = "<group>"; };
		48074AF7201642E600B6094B /* ItemManager.swift */ = {isa = PBXFileReference; lastKnownFileType = sourcecode.swift; path = ItemManager.swift; sourceTree = "<group>"; };
		48176B632014F37B00C5F7FA /* GroceryList.app */ = {isa = PBXFileReference; explicitFileType = wrapper.application; includeInIndex = 0; path = GroceryList.app; sourceTree = BUILT_PRODUCTS_DIR; };
		48176B662014F37B00C5F7FA /* AppDelegate.swift */ = {isa = PBXFileReference; lastKnownFileType = sourcecode.swift; path = AppDelegate.swift; sourceTree = "<group>"; };
		48176B682014F37B00C5F7FA /* ItemListViewController.swift */ = {isa = PBXFileReference; lastKnownFileType = sourcecode.swift; path = ItemListViewController.swift; sourceTree = "<group>"; };
		48176B6B2014F37B00C5F7FA /* Base */ = {isa = PBXFileReference; lastKnownFileType = file.storyboard; name = Base; path = Base.lproj/Main.storyboard; sourceTree = "<group>"; };
		48176B6D2014F37B00C5F7FA /* Assets.xcassets */ = {isa = PBXFileReference; lastKnownFileType = folder.assetcatalog; path = Assets.xcassets; sourceTree = "<group>"; };
		48176B702014F37B00C5F7FA /* Base */ = {isa = PBXFileReference; lastKnownFileType = file.storyboard; name = Base; path = Base.lproj/LaunchScreen.storyboard; sourceTree = "<group>"; };
		48176B722014F37B00C5F7FA /* Info.plist */ = {isa = PBXFileReference; lastKnownFileType = text.plist.xml; path = Info.plist; sourceTree = "<group>"; };
		48176B772014F37B00C5F7FA /* GroceryListTests.xctest */ = {isa = PBXFileReference; explicitFileType = wrapper.cfbundle; includeInIndex = 0; path = GroceryListTests.xctest; sourceTree = BUILT_PRODUCTS_DIR; };
		48176B7D2014F37B00C5F7FA /* Info.plist */ = {isa = PBXFileReference; lastKnownFileType = text.plist.xml; path = Info.plist; sourceTree = "<group>"; };
		48176B862014F90A00C5F7FA /* ToDoItemsTests.swift */ = {isa = PBXFileReference; lastKnownFileType = sourcecode.swift; path = ToDoItemsTests.swift; sourceTree = "<group>"; };
		48176B882014FA0F00C5F7FA /* ToDoItem.swift */ = {isa = PBXFileReference; lastKnownFileType = sourcecode.swift; path = ToDoItem.swift; sourceTree = "<group>"; };
		48176B8A2014FFF000C5F7FA /* Location.swift */ = {isa = PBXFileReference; lastKnownFileType = sourcecode.swift; path = Location.swift; sourceTree = "<group>"; };
		48176B8C2015080D00C5F7FA /* LocationTests.swift */ = {isa = PBXFileReference; lastKnownFileType = sourcecode.swift; path = LocationTests.swift; sourceTree = "<group>"; };
		485F2A18201AF51800C39B61 /* ItemListViewControllerTest.swift */ = {isa = PBXFileReference; lastKnownFileType = sourcecode.swift; path = ItemListViewControllerTest.swift; sourceTree = "<group>"; };
		485F2A1A201AFB4700C39B61 /* ItemListDataProvider.swift */ = {isa = PBXFileReference; lastKnownFileType = sourcecode.swift; path = ItemListDataProvider.swift; sourceTree = "<group>"; };
		485F2A1C201B17CD00C39B61 /* ItemListDataProviderTests.swift */ = {isa = PBXFileReference; lastKnownFileType = sourcecode.swift; path = ItemListDataProviderTests.swift; sourceTree = "<group>"; };
		48C7F617201B298B0035C172 /* ItemCell.swift */ = {isa = PBXFileReference; lastKnownFileType = sourcecode.swift; path = ItemCell.swift; sourceTree = "<group>"; };
		48C7F619201B7A070035C172 /* ItemCellTests.swift */ = {isa = PBXFileReference; lastKnownFileType = sourcecode.swift; path = ItemCellTests.swift; sourceTree = "<group>"; };
		48C7F61B201C71790035C172 /* DetailViewControllerTests.swift */ = {isa = PBXFileReference; lastKnownFileType = sourcecode.swift; path = DetailViewControllerTests.swift; sourceTree = "<group>"; };
		48C7F61D201C721F0035C172 /* DetailViewController.swift */ = {isa = PBXFileReference; lastKnownFileType = sourcecode.swift; path = DetailViewController.swift; sourceTree = "<group>"; };
		48C7F620201C792D0035C172 /* MapKit.framework */ = {isa = PBXFileReference; lastKnownFileType = wrapper.framework; name = MapKit.framework; path = System/Library/Frameworks/MapKit.framework; sourceTree = SDKROOT; };
		48C7F622201C86A40035C172 /* InputViewControllerTests.swift */ = {isa = PBXFileReference; lastKnownFileType = sourcecode.swift; path = InputViewControllerTests.swift; sourceTree = "<group>"; };
		48C7F624201C86CD0035C172 /* InputViewController.swift */ = {isa = PBXFileReference; lastKnownFileType = sourcecode.swift; path = InputViewController.swift; sourceTree = "<group>"; };
/* End PBXFileReference section */

/* Begin PBXFrameworksBuildPhase section */
		48176B602014F37B00C5F7FA /* Frameworks */ = {
			isa = PBXFrameworksBuildPhase;
			buildActionMask = 2147483647;
			files = (
				48C7F621201C792D0035C172 /* MapKit.framework in Frameworks */,
			);
			runOnlyForDeploymentPostprocessing = 0;
		};
		48176B742014F37B00C5F7FA /* Frameworks */ = {
			isa = PBXFrameworksBuildPhase;
			buildActionMask = 2147483647;
			files = (
			);
			runOnlyForDeploymentPostprocessing = 0;
		};
/* End PBXFrameworksBuildPhase section */

/* Begin PBXGroup section */
		48176B5A2014F37B00C5F7FA = {
			isa = PBXGroup;
			children = (
				48176B652014F37B00C5F7FA /* GroceryList */,
				48176B7A2014F37B00C5F7FA /* GroceryListTests */,
				48176B642014F37B00C5F7FA /* Products */,
				48C7F61F201C792C0035C172 /* Frameworks */,
			);
			sourceTree = "<group>";
		};
		48176B642014F37B00C5F7FA /* Products */ = {
			isa = PBXGroup;
			children = (
				48176B632014F37B00C5F7FA /* GroceryList.app */,
				48176B772014F37B00C5F7FA /* GroceryListTests.xctest */,
			);
			name = Products;
			sourceTree = "<group>";
		};
		48176B652014F37B00C5F7FA /* GroceryList */ = {
			isa = PBXGroup;
			children = (
				48176B662014F37B00C5F7FA /* AppDelegate.swift */,
				48176B682014F37B00C5F7FA /* ItemListViewController.swift */,
				48176B6A2014F37B00C5F7FA /* Main.storyboard */,
				48176B6D2014F37B00C5F7FA /* Assets.xcassets */,
				48176B6F2014F37B00C5F7FA /* LaunchScreen.storyboard */,
				48176B722014F37B00C5F7FA /* Info.plist */,
				485F2A16201AF45000C39B61 /* Model */,
				485F2A1A201AFB4700C39B61 /* ItemListDataProvider.swift */,
				48C7F617201B298B0035C172 /* ItemCell.swift */,
				48C7F61D201C721F0035C172 /* DetailViewController.swift */,
				48C7F624201C86CD0035C172 /* InputViewController.swift */,
			);
			path = GroceryList;
			sourceTree = "<group>";
		};
		48176B7A2014F37B00C5F7FA /* GroceryListTests */ = {
			isa = PBXGroup;
			children = (
				48176B7D2014F37B00C5F7FA /* Info.plist */,
				485F2A17201AF46F00C39B61 /* Model */,
				485F2A18201AF51800C39B61 /* ItemListViewControllerTest.swift */,
				485F2A1C201B17CD00C39B61 /* ItemListDataProviderTests.swift */,
				48C7F619201B7A070035C172 /* ItemCellTests.swift */,
				48C7F61B201C71790035C172 /* DetailViewControllerTests.swift */,
				48C7F622201C86A40035C172 /* InputViewControllerTests.swift */,
			);
			path = GroceryListTests;
			sourceTree = "<group>";
		};
		485F2A16201AF45000C39B61 /* Model */ = {
			isa = PBXGroup;
			children = (
				48176B882014FA0F00C5F7FA /* ToDoItem.swift */,
				48176B8A2014FFF000C5F7FA /* Location.swift */,
				48074AF7201642E600B6094B /* ItemManager.swift */,
			);
			path = Model;
			sourceTree = "<group>";
		};
		485F2A17201AF46F00C39B61 /* Model */ = {
			isa = PBXGroup;
			children = (
				48176B862014F90A00C5F7FA /* ToDoItemsTests.swift */,
				48176B8C2015080D00C5F7FA /* LocationTests.swift */,
				48074AF52016422F00B6094B /* ItemManagerTests.swift */,
			);
			path = Model;
			sourceTree = "<group>";
		};
		48C7F61F201C792C0035C172 /* Frameworks */ = {
			isa = PBXGroup;
			children = (
				48C7F620201C792D0035C172 /* MapKit.framework */,
			);
			name = Frameworks;
			sourceTree = "<group>";
		};
/* End PBXGroup section */

/* Begin PBXNativeTarget section */
		48176B622014F37B00C5F7FA /* GroceryList */ = {
			isa = PBXNativeTarget;
			buildConfigurationList = 48176B802014F37B00C5F7FA /* Build configuration list for PBXNativeTarget "GroceryList" */;
			buildPhases = (
				48176B5F2014F37B00C5F7FA /* Sources */,
				48176B602014F37B00C5F7FA /* Frameworks */,
				48176B612014F37B00C5F7FA /* Resources */,
			);
			buildRules = (
			);
			dependencies = (
			);
			name = GroceryList;
			productName = GroceryList;
			productReference = 48176B632014F37B00C5F7FA /* GroceryList.app */;
			productType = "com.apple.product-type.application";
		};
		48176B762014F37B00C5F7FA /* GroceryListTests */ = {
			isa = PBXNativeTarget;
			buildConfigurationList = 48176B832014F37B00C5F7FA /* Build configuration list for PBXNativeTarget "GroceryListTests" */;
			buildPhases = (
				48176B732014F37B00C5F7FA /* Sources */,
				48176B742014F37B00C5F7FA /* Frameworks */,
				48176B752014F37B00C5F7FA /* Resources */,
			);
			buildRules = (
			);
			dependencies = (
				48176B792014F37B00C5F7FA /* PBXTargetDependency */,
			);
			name = GroceryListTests;
			productName = GroceryListTests;
			productReference = 48176B772014F37B00C5F7FA /* GroceryListTests.xctest */;
			productType = "com.apple.product-type.bundle.unit-test";
		};
/* End PBXNativeTarget section */

/* Begin PBXProject section */
		48176B5B2014F37B00C5F7FA /* Project object */ = {
			isa = PBXProject;
			attributes = {
				LastSwiftUpdateCheck = 0920;
				LastUpgradeCheck = 0920;
				ORGANIZATIONNAME = AppDevelapp;
				TargetAttributes = {
					48176B622014F37B00C5F7FA = {
						CreatedOnToolsVersion = 9.2;
						ProvisioningStyle = Automatic;
						SystemCapabilities = {
							com.apple.Maps.iOS = {
								enabled = 1;
							};
						};
					};
					48176B762014F37B00C5F7FA = {
						CreatedOnToolsVersion = 9.2;
						ProvisioningStyle = Automatic;
						TestTargetID = 48176B622014F37B00C5F7FA;
					};
				};
			};
			buildConfigurationList = 48176B5E2014F37B00C5F7FA /* Build configuration list for PBXProject "GroceryList" */;
			compatibilityVersion = "Xcode 8.0";
			developmentRegion = en;
			hasScannedForEncodings = 0;
			knownRegions = (
				en,
				Base,
			);
			mainGroup = 48176B5A2014F37B00C5F7FA;
			productRefGroup = 48176B642014F37B00C5F7FA /* Products */;
			projectDirPath = "";
			projectRoot = "";
			targets = (
				48176B622014F37B00C5F7FA /* GroceryList */,
				48176B762014F37B00C5F7FA /* GroceryListTests */,
			);
		};
/* End PBXProject section */

/* Begin PBXResourcesBuildPhase section */
		48176B612014F37B00C5F7FA /* Resources */ = {
			isa = PBXResourcesBuildPhase;
			buildActionMask = 2147483647;
			files = (
				48176B712014F37B00C5F7FA /* LaunchScreen.storyboard in Resources */,
				48176B6E2014F37B00C5F7FA /* Assets.xcassets in Resources */,
				48176B6C2014F37B00C5F7FA /* Main.storyboard in Resources */,
			);
			runOnlyForDeploymentPostprocessing = 0;
		};
		48176B752014F37B00C5F7FA /* Resources */ = {
			isa = PBXResourcesBuildPhase;
			buildActionMask = 2147483647;
			files = (
			);
			runOnlyForDeploymentPostprocessing = 0;
		};
/* End PBXResourcesBuildPhase section */

/* Begin PBXSourcesBuildPhase section */
		48176B5F2014F37B00C5F7FA /* Sources */ = {
			isa = PBXSourcesBuildPhase;
			buildActionMask = 2147483647;
			files = (
				48176B692014F37B00C5F7FA /* ItemListViewController.swift in Sources */,
				485F2A1B201AFB4700C39B61 /* ItemListDataProvider.swift in Sources */,
				48074AF8201642E600B6094B /* ItemManager.swift in Sources */,
				48176B892014FA0F00C5F7FA /* ToDoItem.swift in Sources */,
				48C7F618201B298B0035C172 /* ItemCell.swift in Sources */,
				48176B8B2014FFF000C5F7FA /* Location.swift in Sources */,
				48176B672014F37B00C5F7FA /* AppDelegate.swift in Sources */,
				48C7F625201C86CD0035C172 /* InputViewController.swift in Sources */,
				48C7F61E201C721F0035C172 /* DetailViewController.swift in Sources */,
			);
			runOnlyForDeploymentPostprocessing = 0;
		};
		48176B732014F37B00C5F7FA /* Sources */ = {
			isa = PBXSourcesBuildPhase;
			buildActionMask = 2147483647;
			files = (
				48C7F61A201B7A070035C172 /* ItemCellTests.swift in Sources */,
				485F2A1D201B17CD00C39B61 /* ItemListDataProviderTests.swift in Sources */,
				48074AF62016422F00B6094B /* ItemManagerTests.swift in Sources */,
				48C7F623201C86A40035C172 /* InputViewControllerTests.swift in Sources */,
				485F2A19201AF51800C39B61 /* ItemListViewControllerTest.swift in Sources */,
				48C7F61C201C71790035C172 /* DetailViewControllerTests.swift in Sources */,
				48176B8D2015080D00C5F7FA /* LocationTests.swift in Sources */,
				48176B872014F90A00C5F7FA /* ToDoItemsTests.swift in Sources */,
			);
			runOnlyForDeploymentPostprocessing = 0;
		};
/* End PBXSourcesBuildPhase section */

/* Begin PBXTargetDependency section */
		48176B792014F37B00C5F7FA /* PBXTargetDependency */ = {
			isa = PBXTargetDependency;
			target = 48176B622014F37B00C5F7FA /* GroceryList */;
			targetProxy = 48176B782014F37B00C5F7FA /* PBXContainerItemProxy */;
		};
/* End PBXTargetDependency section */

/* Begin PBXVariantGroup section */
		48176B6A2014F37B00C5F7FA /* Main.storyboard */ = {
			isa = PBXVariantGroup;
			children = (
				48176B6B2014F37B00C5F7FA /* Base */,
			);
			name = Main.storyboard;
			sourceTree = "<group>";
		};
		48176B6F2014F37B00C5F7FA /* LaunchScreen.storyboard */ = {
			isa = PBXVariantGroup;
			children = (
				48176B702014F37B00C5F7FA /* Base */,
			);
			name = LaunchScreen.storyboard;
			sourceTree = "<group>";
		};
/* End PBXVariantGroup section */

/* Begin XCBuildConfiguration section */
		48176B7E2014F37B00C5F7FA /* Debug */ = {
			isa = XCBuildConfiguration;
			buildSettings = {
				ALWAYS_SEARCH_USER_PATHS = NO;
				CLANG_ANALYZER_NONNULL = YES;
				CLANG_ANALYZER_NUMBER_OBJECT_CONVERSION = YES_AGGRESSIVE;
				CLANG_CXX_LANGUAGE_STANDARD = "gnu++14";
				CLANG_CXX_LIBRARY = "libc++";
				CLANG_ENABLE_MODULES = YES;
				CLANG_ENABLE_OBJC_ARC = YES;
				CLANG_WARN_BLOCK_CAPTURE_AUTORELEASING = YES;
				CLANG_WARN_BOOL_CONVERSION = YES;
				CLANG_WARN_COMMA = YES;
				CLANG_WARN_CONSTANT_CONVERSION = YES;
				CLANG_WARN_DIRECT_OBJC_ISA_USAGE = YES_ERROR;
				CLANG_WARN_DOCUMENTATION_COMMENTS = YES;
				CLANG_WARN_EMPTY_BODY = YES;
				CLANG_WARN_ENUM_CONVERSION = YES;
				CLANG_WARN_INFINITE_RECURSION = YES;
				CLANG_WARN_INT_CONVERSION = YES;
				CLANG_WARN_NON_LITERAL_NULL_CONVERSION = YES;
				CLANG_WARN_OBJC_LITERAL_CONVERSION = YES;
				CLANG_WARN_OBJC_ROOT_CLASS = YES_ERROR;
				CLANG_WARN_RANGE_LOOP_ANALYSIS = YES;
				CLANG_WARN_STRICT_PROTOTYPES = YES;
				CLANG_WARN_SUSPICIOUS_MOVE = YES;
				CLANG_WARN_UNGUARDED_AVAILABILITY = YES_AGGRESSIVE;
				CLANG_WARN_UNREACHABLE_CODE = YES;
				CLANG_WARN__DUPLICATE_METHOD_MATCH = YES;
				CODE_SIGN_IDENTITY = "iPhone Developer";
				COPY_PHASE_STRIP = NO;
				DEBUG_INFORMATION_FORMAT = dwarf;
				ENABLE_STRICT_OBJC_MSGSEND = YES;
				ENABLE_TESTABILITY = YES;
				GCC_C_LANGUAGE_STANDARD = gnu11;
				GCC_DYNAMIC_NO_PIC = NO;
				GCC_NO_COMMON_BLOCKS = YES;
				GCC_OPTIMIZATION_LEVEL = 0;
				GCC_PREPROCESSOR_DEFINITIONS = (
					"DEBUG=1",
					"$(inherited)",
				);
				GCC_WARN_64_TO_32_BIT_CONVERSION = YES;
				GCC_WARN_ABOUT_RETURN_TYPE = YES_ERROR;
				GCC_WARN_UNDECLARED_SELECTOR = YES;
				GCC_WARN_UNINITIALIZED_AUTOS = YES_AGGRESSIVE;
				GCC_WARN_UNUSED_FUNCTION = YES;
				GCC_WARN_UNUSED_VARIABLE = YES;
				IPHONEOS_DEPLOYMENT_TARGET = 11.2;
				MTL_ENABLE_DEBUG_INFO = YES;
				ONLY_ACTIVE_ARCH = YES;
				SDKROOT = iphoneos;
				SWIFT_ACTIVE_COMPILATION_CONDITIONS = DEBUG;
				SWIFT_OPTIMIZATION_LEVEL = "-Onone";
			};
			name = Debug;
		};
		48176B7F2014F37B00C5F7FA /* Release */ = {
			isa = XCBuildConfiguration;
			buildSettings = {
				ALWAYS_SEARCH_USER_PATHS = NO;
				CLANG_ANALYZER_NONNULL = YES;
				CLANG_ANALYZER_NUMBER_OBJECT_CONVERSION = YES_AGGRESSIVE;
				CLANG_CXX_LANGUAGE_STANDARD = "gnu++14";
				CLANG_CXX_LIBRARY = "libc++";
				CLANG_ENABLE_MODULES = YES;
				CLANG_ENABLE_OBJC_ARC = YES;
				CLANG_WARN_BLOCK_CAPTURE_AUTORELEASING = YES;
				CLANG_WARN_BOOL_CONVERSION = YES;
				CLANG_WARN_COMMA = YES;
				CLANG_WARN_CONSTANT_CONVERSION = YES;
				CLANG_WARN_DIRECT_OBJC_ISA_USAGE = YES_ERROR;
				CLANG_WARN_DOCUMENTATION_COMMENTS = YES;
				CLANG_WARN_EMPTY_BODY = YES;
				CLANG_WARN_ENUM_CONVERSION = YES;
				CLANG_WARN_INFINITE_RECURSION = YES;
				CLANG_WARN_INT_CONVERSION = YES;
				CLANG_WARN_NON_LITERAL_NULL_CONVERSION = YES;
				CLANG_WARN_OBJC_LITERAL_CONVERSION = YES;
				CLANG_WARN_OBJC_ROOT_CLASS = YES_ERROR;
				CLANG_WARN_RANGE_LOOP_ANALYSIS = YES;
				CLANG_WARN_STRICT_PROTOTYPES = YES;
				CLANG_WARN_SUSPICIOUS_MOVE = YES;
				CLANG_WARN_UNGUARDED_AVAILABILITY = YES_AGGRESSIVE;
				CLANG_WARN_UNREACHABLE_CODE = YES;
				CLANG_WARN__DUPLICATE_METHOD_MATCH = YES;
				CODE_SIGN_IDENTITY = "iPhone Developer";
				COPY_PHASE_STRIP = NO;
				DEBUG_INFORMATION_FORMAT = "dwarf-with-dsym";
				ENABLE_NS_ASSERTIONS = NO;
				ENABLE_STRICT_OBJC_MSGSEND = YES;
				GCC_C_LANGUAGE_STANDARD = gnu11;
				GCC_NO_COMMON_BLOCKS = YES;
				GCC_WARN_64_TO_32_BIT_CONVERSION = YES;
				GCC_WARN_ABOUT_RETURN_TYPE = YES_ERROR;
				GCC_WARN_UNDECLARED_SELECTOR = YES;
				GCC_WARN_UNINITIALIZED_AUTOS = YES_AGGRESSIVE;
				GCC_WARN_UNUSED_FUNCTION = YES;
				GCC_WARN_UNUSED_VARIABLE = YES;
				IPHONEOS_DEPLOYMENT_TARGET = 11.2;
				MTL_ENABLE_DEBUG_INFO = NO;
				SDKROOT = iphoneos;
				SWIFT_OPTIMIZATION_LEVEL = "-Owholemodule";
				VALIDATE_PRODUCT = YES;
			};
			name = Release;
		};
		48176B812014F37B00C5F7FA /* Debug */ = {
			isa = XCBuildConfiguration;
			buildSettings = {
				ASSETCATALOG_COMPILER_APPICON_NAME = AppIcon;
				CODE_SIGN_STYLE = Automatic;
				DEVELOPMENT_TEAM = QK5A5T3HGQ;
				INFOPLIST_FILE = GroceryList/Info.plist;
				LD_RUNPATH_SEARCH_PATHS = "$(inherited) @executable_path/Frameworks";
				PRODUCT_BUNDLE_IDENTIFIER = com.appdevelapp.GroceryList;
				PRODUCT_NAME = "$(TARGET_NAME)";
				SWIFT_VERSION = 4.0;
				TARGETED_DEVICE_FAMILY = "1,2";
			};
			name = Debug;
		};
		48176B822014F37B00C5F7FA /* Release */ = {
			isa = XCBuildConfiguration;
			buildSettings = {
				ASSETCATALOG_COMPILER_APPICON_NAME = AppIcon;
				CODE_SIGN_STYLE = Automatic;
				DEVELOPMENT_TEAM = QK5A5T3HGQ;
				INFOPLIST_FILE = GroceryList/Info.plist;
				LD_RUNPATH_SEARCH_PATHS = "$(inherited) @executable_path/Frameworks";
				PRODUCT_BUNDLE_IDENTIFIER = com.appdevelapp.GroceryList;
				PRODUCT_NAME = "$(TARGET_NAME)";
				SWIFT_VERSION = 4.0;
				TARGETED_DEVICE_FAMILY = "1,2";
			};
			name = Release;
		};
		48176B842014F37B00C5F7FA /* Debug */ = {
			isa = XCBuildConfiguration;
			buildSettings = {
				ALWAYS_EMBED_SWIFT_STANDARD_LIBRARIES = YES;
				BUNDLE_LOADER = "$(TEST_HOST)";
				CODE_SIGN_STYLE = Automatic;
				DEVELOPMENT_TEAM = QK5A5T3HGQ;
				INFOPLIST_FILE = GroceryListTests/Info.plist;
				LD_RUNPATH_SEARCH_PATHS = "$(inherited) @executable_path/Frameworks @loader_path/Frameworks";
				PRODUCT_BUNDLE_IDENTIFIER = com.appdevelapp.GroceryListTests;
				PRODUCT_NAME = "$(TARGET_NAME)";
				SWIFT_VERSION = 4.0;
				TARGETED_DEVICE_FAMILY = "1,2";
				TEST_HOST = "$(BUILT_PRODUCTS_DIR)/GroceryList.app/GroceryList";
			};
			name = Debug;
		};
		48176B852014F37B00C5F7FA /* Release */ = {
			isa = XCBuildConfiguration;
			buildSettings = {
				ALWAYS_EMBED_SWIFT_STANDARD_LIBRARIES = YES;
				BUNDLE_LOADER = "$(TEST_HOST)";
				CODE_SIGN_STYLE = Automatic;
				DEVELOPMENT_TEAM = QK5A5T3HGQ;
				INFOPLIST_FILE = GroceryListTests/Info.plist;
				LD_RUNPATH_SEARCH_PATHS = "$(inherited) @executable_path/Frameworks @loader_path/Frameworks";
				PRODUCT_BUNDLE_IDENTIFIER = com.appdevelapp.GroceryListTests;
				PRODUCT_NAME = "$(TARGET_NAME)";
				SWIFT_VERSION = 4.0;
				TARGETED_DEVICE_FAMILY = "1,2";
				TEST_HOST = "$(BUILT_PRODUCTS_DIR)/GroceryList.app/GroceryList";
			};
			name = Release;
		};
/* End XCBuildConfiguration section */

/* Begin XCConfigurationList section */
		48176B5E2014F37B00C5F7FA /* Build configuration list for PBXProject "GroceryList" */ = {
			isa = XCConfigurationList;
			buildConfigurations = (
				48176B7E2014F37B00C5F7FA /* Debug */,
				48176B7F2014F37B00C5F7FA /* Release */,
			);
			defaultConfigurationIsVisible = 0;
			defaultConfigurationName = Release;
		};
		48176B802014F37B00C5F7FA /* Build configuration list for PBXNativeTarget "GroceryList" */ = {
			isa = XCConfigurationList;
			buildConfigurations = (
				48176B812014F37B00C5F7FA /* Debug */,
				48176B822014F37B00C5F7FA /* Release */,
			);
			defaultConfigurationIsVisible = 0;
			defaultConfigurationName = Release;
		};
		48176B832014F37B00C5F7FA /* Build configuration list for PBXNativeTarget "GroceryListTests" */ = {
			isa = XCConfigurationList;
			buildConfigurations = (
				48176B842014F37B00C5F7FA /* Debug */,
				48176B852014F37B00C5F7FA /* Release */,
			);
			defaultConfigurationIsVisible = 0;
			defaultConfigurationName = Release;
		};
/* End XCConfigurationList section */
	};
	rootObject = 48176B5B2014F37B00C5F7FA /* Project object */;
}
